
Microsoft Visual Studio Solution File, Format Version 12.00
# Visual Studio 15
VisualStudioVersion = 15.0.26403.7
MinimumVisualStudioVersion = 10.0.40219.1
Project("{FAE04EC0-301F-11D3-BF4B-00C04F79EFBC}") = "WeatherApp_OKopot", "WeatherApp_OKopot\WeatherApp_OKopot.csproj", "{56EA6893-4218-4646-8AC4-99C69660C62E}"
EndProject
Project("{FAE04EC0-301F-11D3-BF4B-00C04F79EFBC}") = "WeatherApp_OKopot.DAL", "WeatherApp_OKopot.DAL\WeatherApp_OKopot.DAL.csproj", "{3EE3EA62-A229-405E-BE88-44C78CBFB321}"
EndProject
Project("{FAE04EC0-301F-11D3-BF4B-00C04F79EFBC}") = "WeatherApp_OKopot.BLL", "WeatherApp_OKopot.BLL\WeatherApp_OKopot.BLL.csproj", "{00ADE220-FCF0-426D-8375-B3F730F8DFED}"
EndProject
Project("{FAE04EC0-301F-11D3-BF4B-00C04F79EFBC}") = "WeatherApp_OKopot.Tests", "WeatherApp_OKopot.Tests\WeatherApp_OKopot.Tests.csproj", "{A3685530-28BD-4F1F-9012-B25F15C3371B}"
EndProject
Project("{FAE04EC0-301F-11D3-BF4B-00C04F79EFBC}") = "WeatherApp_OKopot.IntegrationTests", "WeatherApp_OKopot.IntegrationTests\WeatherApp_OKopot.IntegrationTests.csproj", "{7C1D307F-7BBA-488B-ADC4-F0E372C18293}"
EndProject
Global
	GlobalSection(SolutionConfigurationPlatforms) = preSolution
		Debug|Any CPU = Debug|Any CPU
		Debug|ARM = Debug|ARM
		Debug|x64 = Debug|x64
		Debug|x86 = Debug|x86
		Release|Any CPU = Release|Any CPU
		Release|ARM = Release|ARM
		Release|x64 = Release|x64
		Release|x86 = Release|x86
	EndGlobalSection
	GlobalSection(ProjectConfigurationPlatforms) = postSolution
		{56EA6893-4218-4646-8AC4-99C69660C62E}.Debug|Any CPU.ActiveCfg = Debug|Any CPU
		{56EA6893-4218-4646-8AC4-99C69660C62E}.Debug|Any CPU.Build.0 = Debug|Any CPU
		{56EA6893-4218-4646-8AC4-99C69660C62E}.Debug|ARM.ActiveCfg = Debug|Any CPU
		{56EA6893-4218-4646-8AC4-99C69660C62E}.Debug|ARM.Build.0 = Debug|Any CPU
		{56EA6893-4218-4646-8AC4-99C69660C62E}.Debug|x64.ActiveCfg = Debug|Any CPU
		{56EA6893-4218-4646-8AC4-99C69660C62E}.Debug|x64.Build.0 = Debug|Any CPU
		{56EA6893-4218-4646-8AC4-99C69660C62E}.Debug|x86.ActiveCfg = Debug|Any CPU
		{56EA6893-4218-4646-8AC4-99C69660C62E}.Debug|x86.Build.0 = Debug|Any CPU
		{56EA6893-4218-4646-8AC4-99C69660C62E}.Release|Any CPU.ActiveCfg = Release|Any CPU
		{56EA6893-4218-4646-8AC4-99C69660C62E}.Release|Any CPU.Build.0 = Release|Any CPU
		{56EA6893-4218-4646-8AC4-99C69660C62E}.Release|ARM.ActiveCfg = Release|Any CPU
		{56EA6893-4218-4646-8AC4-99C69660C62E}.Release|ARM.Build.0 = Release|Any CPU
		{56EA6893-4218-4646-8AC4-99C69660C62E}.Release|x64.ActiveCfg = Release|Any CPU
		{56EA6893-4218-4646-8AC4-99C69660C62E}.Release|x64.Build.0 = Release|Any CPU
		{56EA6893-4218-4646-8AC4-99C69660C62E}.Release|x86.ActiveCfg = Release|Any CPU
		{56EA6893-4218-4646-8AC4-99C69660C62E}.Release|x86.Build.0 = Release|Any CPU
		{3EE3EA62-A229-405E-BE88-44C78CBFB321}.Debug|Any CPU.ActiveCfg = Debug|Any CPU
		{3EE3EA62-A229-405E-BE88-44C78CBFB321}.Debug|Any CPU.Build.0 = Debug|Any CPU
		{3EE3EA62-A229-405E-BE88-44C78CBFB321}.Debug|ARM.ActiveCfg = Debug|Any CPU
		{3EE3EA62-A229-405E-BE88-44C78CBFB321}.Debug|ARM.Build.0 = Debug|Any CPU
		{3EE3EA62-A229-405E-BE88-44C78CBFB321}.Debug|x64.ActiveCfg = Debug|Any CPU
		{3EE3EA62-A229-405E-BE88-44C78CBFB321}.Debug|x64.Build.0 = Debug|Any CPU
		{3EE3EA62-A229-405E-BE88-44C78CBFB321}.Debug|x86.ActiveCfg = Debug|Any CPU
		{3EE3EA62-A229-405E-BE88-44C78CBFB321}.Debug|x86.Build.0 = Debug|Any CPU
		{3EE3EA62-A229-405E-BE88-44C78CBFB321}.Release|Any CPU.ActiveCfg = Release|Any CPU
		{3EE3EA62-A229-405E-BE88-44C78CBFB321}.Release|Any CPU.Build.0 = Release|Any CPU
		{3EE3EA62-A229-405E-BE88-44C78CBFB321}.Release|ARM.ActiveCfg = Release|Any CPU
		{3EE3EA62-A229-405E-BE88-44C78CBFB321}.Release|ARM.Build.0 = Release|Any CPU
		{3EE3EA62-A229-405E-BE88-44C78CBFB321}.Release|x64.ActiveCfg = Release|Any CPU
		{3EE3EA62-A229-405E-BE88-44C78CBFB321}.Release|x64.Build.0 = Release|Any CPU
		{3EE3EA62-A229-405E-BE88-44C78CBFB321}.Release|x86.ActiveCfg = Release|Any CPU
		{3EE3EA62-A229-405E-BE88-44C78CBFB321}.Release|x86.Build.0 = Release|Any CPU
		{00ADE220-FCF0-426D-8375-B3F730F8DFED}.Debug|Any CPU.ActiveCfg = Debug|Any CPU
		{00ADE220-FCF0-426D-8375-B3F730F8DFED}.Debug|Any CPU.Build.0 = Debug|Any CPU
		{00ADE220-FCF0-426D-8375-B3F730F8DFED}.Debug|ARM.ActiveCfg = Debug|Any CPU
		{00ADE220-FCF0-426D-8375-B3F730F8DFED}.Debug|ARM.Build.0 = Debug|Any CPU
		{00ADE220-FCF0-426D-8375-B3F730F8DFED}.Debug|x64.ActiveCfg = Debug|Any CPU
		{00ADE220-FCF0-426D-8375-B3F730F8DFED}.Debug|x64.Build.0 = Debug|Any CPU
		{00ADE220-FCF0-426D-8375-B3F730F8DFED}.Debug|x86.ActiveCfg = Debug|Any CPU
		{00ADE220-FCF0-426D-8375-B3F730F8DFED}.Debug|x86.Build.0 = Debug|Any CPU
		{00ADE220-FCF0-426D-8375-B3F730F8DFED}.Release|Any CPU.ActiveCfg = Release|Any CPU
		{00ADE220-FCF0-426D-8375-B3F730F8DFED}.Release|Any CPU.Build.0 = Release|Any CPU
		{00ADE220-FCF0-426D-8375-B3F730F8DFED}.Release|ARM.ActiveCfg = Release|Any CPU
		{00ADE220-FCF0-426D-8375-B3F730F8DFED}.Release|ARM.Build.0 = Release|Any CPU
		{00ADE220-FCF0-426D-8375-B3F730F8DFED}.Release|x64.ActiveCfg = Release|Any CPU
		{00ADE220-FCF0-426D-8375-B3F730F8DFED}.Release|x64.Build.0 = Release|Any CPU
		{00ADE220-FCF0-426D-8375-B3F730F8DFED}.Release|x86.ActiveCfg = Release|Any CPU
		{00ADE220-FCF0-426D-8375-B3F730F8DFED}.Release|x86.Build.0 = Release|Any CPU
		{A3685530-28BD-4F1F-9012-B25F15C3371B}.Debug|Any CPU.ActiveCfg = Debug|Any CPU
		{A3685530-28BD-4F1F-9012-B25F15C3371B}.Debug|Any CPU.Build.0 = Debug|Any CPU
		{A3685530-28BD-4F1F-9012-B25F15C3371B}.Debug|ARM.ActiveCfg = Debug|Any CPU
		{A3685530-28BD-4F1F-9012-B25F15C3371B}.Debug|ARM.Build.0 = Debug|Any CPU
		{A3685530-28BD-4F1F-9012-B25F15C3371B}.Debug|x64.ActiveCfg = Debug|Any CPU
		{A3685530-28BD-4F1F-9012-B25F15C3371B}.Debug|x64.Build.0 = Debug|Any CPU
		{A3685530-28BD-4F1F-9012-B25F15C3371B}.Debug|x86.ActiveCfg = Debug|Any CPU
		{A3685530-28BD-4F1F-9012-B25F15C3371B}.Debug|x86.Build.0 = Debug|Any CPU
		{A3685530-28BD-4F1F-9012-B25F15C3371B}.Release|Any CPU.ActiveCfg = Release|Any CPU
		{A3685530-28BD-4F1F-9012-B25F15C3371B}.Release|Any CPU.Build.0 = Release|Any CPU
		{A3685530-28BD-4F1F-9012-B25F15C3371B}.Release|ARM.ActiveCfg = Release|Any CPU
		{A3685530-28BD-4F1F-9012-B25F15C3371B}.Release|ARM.Build.0 = Release|Any CPU
		{A3685530-28BD-4F1F-9012-B25F15C3371B}.Release|x64.ActiveCfg = Release|Any CPU
		{A3685530-28BD-4F1F-9012-B25F15C3371B}.Release|x64.Build.0 = Release|Any CPU
		{A3685530-28BD-4F1F-9012-B25F15C3371B}.Release|x86.ActiveCfg = Release|Any CPU
		{A3685530-28BD-4F1F-9012-B25F15C3371B}.Release|x86.Build.0 = Release|Any CPU
		{7C1D307F-7BBA-488B-ADC4-F0E372C18293}.Debug|Any CPU.ActiveCfg = Debug|Any CPU
		{7C1D307F-7BBA-488B-ADC4-F0E372C18293}.Debug|Any CPU.Build.0 = Debug|Any CPU
		{7C1D307F-7BBA-488B-ADC4-F0E372C18293}.Debug|ARM.ActiveCfg = Debug|Any CPU
		{7C1D307F-7BBA-488B-ADC4-F0E372C18293}.Debug|ARM.Build.0 = Debug|Any CPU
		{7C1D307F-7BBA-488B-ADC4-F0E372C18293}.Debug|x64.ActiveCfg = Debug|Any CPU
		{7C1D307F-7BBA-488B-ADC4-F0E372C18293}.Debug|x64.Build.0 = Debug|Any CPU
		{7C1D307F-7BBA-488B-ADC4-F0E372C18293}.Debug|x86.ActiveCfg = Debug|Any CPU
		{7C1D307F-7BBA-488B-ADC4-F0E372C18293}.Debug|x86.Build.0 = Debug|Any CPU
		{7C1D307F-7BBA-488B-ADC4-F0E372C18293}.Release|Any CPU.ActiveCfg = Release|Any CPU
		{7C1D307F-7BBA-488B-ADC4-F0E372C18293}.Release|Any CPU.Build.0 = Release|Any CPU
		{7C1D307F-7BBA-488B-ADC4-F0E372C18293}.Release|ARM.ActiveCfg = Release|Any CPU
		{7C1D307F-7BBA-488B-ADC4-F0E372C18293}.Release|ARM.Build.0 = Release|Any CPU
		{7C1D307F-7BBA-488B-ADC4-F0E372C18293}.Release|x64.ActiveCfg = Release|Any CPU
		{7C1D307F-7BBA-488B-ADC4-F0E372C18293}.Release|x64.Build.0 = Release|Any CPU
		{7C1D307F-7BBA-488B-ADC4-F0E372C18293}.Release|x86.ActiveCfg = Release|Any CPU
		{7C1D307F-7BBA-488B-ADC4-F0E372C18293}.Release|x86.Build.0 = Release|Any CPU
	EndGlobalSection
	GlobalSection(SolutionProperties) = preSolution
		HideSolutionNode = FALSE
	EndGlobalSection
EndGlobal
